{
  "nodes": {
    "frostix": {
      "inputs": {
        "nixpkgs": [
          "nixpkgs"
        ]
      },
      "locked": {
        "lastModified": 1760839283,
        "narHash": "sha256-Lt7/L6BfwZoU2hGfXpoRYq78UZcHLfj5EXL4D4PVpCw=",
        "owner": "shomykohai",
        "repo": "frostix",
        "rev": "b0aae7b4e99d8fd48031d016fac79f6f63ae7815",
        "type": "github"
      },
      "original": {
        "owner": "shomykohai",
        "repo": "frostix",
        "type": "github"
      }
    },
    "nixpkgs": {
      "locked": {
        "lastModified": 1760524057,
        "narHash": "sha256-EVAqOteLBFmd7pKkb0+FIUyzTF61VKi7YmvP1tw4nEw=",
        "owner": "nixos",
        "repo": "nixpkgs",
        "rev": "544961dfcce86422ba200ed9a0b00dd4b1486ec5",
        "type": "github"
      },
      "original": {
        "owner": "nixos",
        "ref": "nixos-unstable",
        "repo": "nixpkgs",
        "type": "github"
      }
    },
    "root": {
      "inputs": {
        "frostix": "frostix",
        "nixpkgs": "nixpkgs"
      }
    }
  },
  "root": "root",
  "version": 7
}
